# Generated by pub
# See http://pub.dartlang.org/doc/glossary.html#lockfile
packages:
  browser:
    description: browser
    source: hosted
    version: "0.10.0"
  dartemis:
    description: dartemis
    source: hosted
    version: "0.6.0"
  stagexl:
    description:
      ref: null
      resolved-ref: d3514df3d4e7423912832d11add628e44ac2fef7
      url: "https://github.com/bp74/StageXL.git"
    source: git
    version: "0.9.1+1"
